Microsoft Visual Studio Solution File, Format Version 12.00
# Visual Studio Version 17
VisualStudioVersion = 17.5.2.0
MinimumVisualStudioVersion = 10.0.40219.1
Project("{FAE04EC0-301F-11D3-BF4B-00C04F79EFBC}") = "ChatAPI", "ChatAPI.csproj", "{8D0586A4-1EB9-BD99-445D-D7EC9E360B05}"
EndProject
Global
	GlobalSection(SolutionConfigurationPlatforms) = preSolution
		Debug|Any CPU = Debug|Any CPU
		Release|Any CPU = Release|Any CPU
	EndGlobalSection
	GlobalSection(ProjectConfigurationPlatforms) = postSolution
		{8D0586A4-1EB9-BD99-445D-D7EC9E360B05}.Debug|Any CPU.ActiveCfg = Debug|Any CPU
		{8D0586A4-1EB9-BD99-445D-D7EC9E360B05}.Debug|Any CPU.Build.0 = Debug|Any CPU
		{8D0586A4-1EB9-BD99-445D-D7EC9E360B05}.Release|Any CPU.ActiveCfg = Release|Any CPU
		{8D0586A4-1EB9-BD99-445D-D7EC9E360B05}.Release|Any CPU.Build.0 = Release|Any CPU
	EndGlobalSection
	GlobalSection(SolutionProperties) = preSolution
		HideSolutionNode = FALSE
	EndGlobalSection
	GlobalSection(ExtensibilityGlobals) = postSolution
		SolutionGuid = {D8BB61C7-3B8B-4E59-87C3-5D4E91DB245D}
	EndGlobalSection
EndGlobal